
Microsoft Visual Studio Solution File, Format Version 12.00
# Visual Studio Version 16
VisualStudioVersion = 16.0.32126.315
MinimumVisualStudioVersion = 10.0.40219.1
Project("{FAE04EC0-301F-11D3-BF4B-00C04F79EFBC}") = "FinapCRUD", "FinapCRUD\FinapCRUD.csproj", "{6E78DCD5-0064-41D8-AEF0-659F4CDEE7C9}"
EndProject
Global
	GlobalSection(SolutionConfigurationPlatforms) = preSolution
		Debug|Any CPU = Debug|Any CPU
		Release|Any CPU = Release|Any CPU
	EndGlobalSection
	GlobalSection(ProjectConfigurationPlatforms) = postSolution
		{6E78DCD5-0064-41D8-AEF0-659F4CDEE7C9}.Debug|Any CPU.ActiveCfg = Debug|Any CPU
		{6E78DCD5-0064-41D8-AEF0-659F4CDEE7C9}.Debug|Any CPU.Build.0 = Debug|Any CPU
		{6E78DCD5-0064-41D8-AEF0-659F4CDEE7C9}.Release|Any CPU.ActiveCfg = Release|Any CPU
		{6E78DCD5-0064-41D8-AEF0-659F4CDEE7C9}.Release|Any CPU.Build.0 = Release|Any CPU
	EndGlobalSection
	GlobalSection(SolutionProperties) = preSolution
		HideSolutionNode = FALSE
	EndGlobalSection
	GlobalSection(ExtensibilityGlobals) = postSolution
		SolutionGuid = {8107BF51-27DE-4DAE-A609-9538863B5829}
	EndGlobalSection
EndGlobal
